{
  "name": "pgml-dashboard",
  "lockfileVersion": 3,
  "requires": true,
  "packages": {
    "": {
      "dependencies": {
        "autosize": "^6.0.1",
        "dompurify": "^3.0.6",
        "marked": "^9.1.0"
      }
    },
    "node_modules/autosize": {
      "version": "6.0.1",
      "resolved": "https://registry.npmjs.org/autosize/-/autosize-6.0.1.tgz",
      "integrity": "sha512-f86EjiUKE6Xvczc4ioP1JBlWG7FKrE13qe/DxBCpe8GCipCq2nFw73aO8QEBKHfSbYGDN5eB9jXWKen7tspDqQ=="
    },
    "node_modules/dompurify": {
      "version": "3.0.6",
      "resolved": "https://registry.npmjs.org/dompurify/-/dompurify-3.0.6.tgz",
      "integrity": "sha512-ilkD8YEnnGh1zJ240uJsW7AzE+2qpbOUYjacomn3AvJ6J4JhKGSZ2nh4wUIXPZrEPppaCLx5jFe8T89Rk8tQ7w=="
    },
    "node_modules/marked": {
      "version": "9.1.0",
      "resolved": "https://registry.npmjs.org/marked/-/marked-9.1.0.tgz",
      "integrity": "sha512-VZjm0PM5DMv7WodqOUps3g6Q7dmxs9YGiFUZ7a2majzQTTCgX+6S6NAJHPvOhgFBzYz8s4QZKWWMfZKFmsfOgA==",
      "bin": {
        "marked": "bin/marked.js"
      },
      "engines": {
        "node": ">= 16"
      }
    }
  }
}
