{
  "name": "getting-started",
  "version": "1.0.0",
  "lockfileVersion": 3,
  "requires": true,
  "packages": {
    "": {
      "name": "getting-started",
      "version": "1.0.0",
      "license": "ISC",
      "dependencies": {
        "dotenv": "^16.3.1",
        "pgml": "^1.0.0"
      }
    },
    "node_modules/dotenv": {
      "version": "16.4.5",
      "resolved": "https://registry.npmjs.org/dotenv/-/dotenv-16.4.5.tgz",
      "integrity": "sha512-ZmdL2rui+eB2YwhsWzjInR8LldtZHGDoQ1ugH85ppHKwpUHL7j7rN0Ti9NCnGiQbhaZ11FpR+7ao1dNsmduNUg==",
      "engines": {
        "node": ">=12"
      },
      "funding": {
        "url": "https://dotenvx.com"
      }
    },
    "node_modules/pgml": {
      "version": "1.0.0",
      "resolved": "https://registry.npmjs.org/pgml/-/pgml-1.0.0.tgz",
      "integrity": "sha512-iWaupZdo3pq2SfGOLEOLAJ/rh5ba9U6iD95p09mux9shKsCHIMGzZhqqNyZ36uDs5q+QBoOtbmM1kIUAUDB8Ag==",
      "dependencies": {
        "dotenv": "^16.4.4"
      }
    }
  }
}
