{
  "name": "pgml-cli",
  "version": "0.10.0",
  "lockfileVersion": 3,
  "requires": true,
  "packages": {
    "": {
      "name": "pgml-cli",
      "version": "0.10.0",
      "license": "MIT",
      "dependencies": {
        "pgml": "file:../javascript"
      },
      "bin": {
        "pgml": "index.js"
      }
    },
    "../javascript": {
      "name": "pgml",
      "version": "0.9.6",
      "license": "MIT",
      "devDependencies": {
        "@types/node": "^20.3.1",
        "cargo-cp-artifact": "^0.1"
      }
    },
    "node_modules/pgml": {
      "resolved": "../javascript",
      "link": true
    }
  }
}
