{
  "name": "getting-started",
  "version": "1.0.0",
  "lockfileVersion": 1,
  "requires": true,
  "dependencies": {
    "dotenv": {
      "version": "16.3.1",
      "resolved": "https://registry.npmjs.org/dotenv/-/dotenv-16.3.1.tgz",
      "integrity": "sha512-IPzF4w4/Rd94bA9imS68tZBaYyBWSCE47V1RGuMrB94iyTOIEwRmVL2x/4An+6mETpLrKJ5hQkB8W4kFAadeIQ=="
    },
    "pgml": {
      "version": "0.1.6",
      "resolved": "https://registry.npmjs.org/pgml/-/pgml-0.1.6.tgz",
      "integrity": "sha512-gjuEYDPl7TrnsxtL2htXb0NCKQ6FhM9kyRvzwYNhYQSRdnEHVps4Yk3vIL9QoZj1y9niuGW6aXebx4T734TJhQ=="
    }
  }
}
